// !$*UTF8*$!
{
	archiveVersion = 1;
	classes = {
	};
	objectVersion = 46;
	objects = {

/* Begin PBXBuildFile section */
		2E173424192270ED00E90138 /* Foundation.framework in Frameworks */ = {isa = PBXBuildFile; fileRef = 2E173423192270ED00E90138 /* Foundation.framework */; };
		2E173426192270ED00E90138 /* CoreGraphics.framework in Frameworks */ = {isa = PBXBuildFile; fileRef = 2E173425192270ED00E90138 /* CoreGraphics.framework */; };
		2E173428192270ED00E90138 /* UIKit.framework in Frameworks */ = {isa = PBXBuildFile; fileRef = 2E173427192270ED00E90138 /* UIKit.framework */; };
		2E17342E192270ED00E90138 /* InfoPlist.strings in Resources */ = {isa = PBXBuildFile; fileRef = 2E17342C192270ED00E90138 /* InfoPlist.strings */; };
		2E173430192270ED00E90138 /* main.m in Sources */ = {isa = PBXBuildFile; fileRef = 2E17342F192270ED00E90138 /* main.m */; };
		2E173434192270ED00E90138 /* AppDelegate.m in Sources */ = {isa = PBXBuildFile; fileRef = 2E173433192270ED00E90138 /* AppDelegate.m */; };
		2E173437192270ED00E90138 /* Main.storyboard in Resources */ = {isa = PBXBuildFile; fileRef = 2E173435192270ED00E90138 /* Main.storyboard */; };
		2E17343A192270ED00E90138 /* ViewController.m in Sources */ = {isa = PBXBuildFile; fileRef = 2E173439192270ED00E90138 /* ViewController.m */; };
		2E17343C192270ED00E90138 /* Images.xcassets in Resources */ = {isa = PBXBuildFile; fileRef = 2E17343B192270ED00E90138 /* Images.xcassets */; };
		2E173443192270ED00E90138 /* XCTest.framework in Frameworks */ = {isa = PBXBuildFile; fileRef = 2E173442192270ED00E90138 /* XCTest.framework */; };
		2E173444192270ED00E90138 /* Foundation.framework in Frameworks */ = {isa = PBXBuildFile; fileRef = 2E173423192270ED00E90138 /* Foundation.framework */; };
		2E173445192270ED00E90138 /* UIKit.framework in Frameworks */ = {isa = PBXBuildFile; fileRef = 2E173427192270ED00E90138 /* UIKit.framework */; };
		2E17344D192270ED00E90138 /* InfoPlist.strings in Resources */ = {isa = PBXBuildFile; fileRef = 2E17344B192270ED00E90138 /* InfoPlist.strings */; };
		2E17344F192270ED00E90138 /* IntergalacticTravelTests.m in Sources */ = {isa = PBXBuildFile; fileRef = 2E17344E192270ED00E90138 /* IntergalacticTravelTests.m */; };
/* End PBXBuildFile section */

/* Begin PBXContainerItemProxy section */
		2E173446192270ED00E90138 /* PBXContainerItemProxy */ = {
			isa = PBXContainerItemProxy;
			containerPortal = 2E173418192270ED00E90138 /* Project object */;
			proxyType = 1;
			remoteGlobalIDString = 2E17341F192270ED00E90138;
			remoteInfo = IntergalacticTravel;
		};
/* End PBXContainerItemProxy section */

/* Begin PBXFileReference section */
		2E173420192270ED00E90138 /* IntergalacticTravel.app */ = {isa = PBXFileReference; explicitFileType = wrapper.application; includeInIndex = 0; path = IntergalacticTravel.app; sourceTree = BUILT_PRODUCTS_DIR; };
		2E173423192270ED00E90138 /* Foundation.framework */ = {isa = PBXFileReference; lastKnownFileType = wrapper.framework; name = Foundation.framework; path = System/Library/Frameworks/Foundation.framework; sourceTree = SDKROOT; };
		2E173425192270ED00E90138 /* CoreGraphics.framework */ = {isa = PBXFileReference; lastKnownFileType = wrapper.framework; name = CoreGraphics.framework; path = System/Library/Frameworks/CoreGraphics.framework; sourceTree = SDKROOT; };
		2E173427192270ED00E90138 /* UIKit.framework */ = {isa = PBXFileReference; lastKnownFileType = wrapper.framework; name = UIKit.framework; path = System/Library/Frameworks/UIKit.framework; sourceTree = SDKROOT; };
		2E17342B192270ED00E90138 /* IntergalacticTravel-Info.plist */ = {isa = PBXFileReference; lastKnownFileType = text.plist.xml; path = "IntergalacticTravel-Info.plist"; sourceTree = "<group>"; };
		2E17342D192270ED00E90138 /* en */ = {isa = PBXFileReference; lastKnownFileType = text.plist.strings; name = en; path = en.lproj/InfoPlist.strings; sourceTree = "<group>"; };
		2E17342F192270ED00E90138 /* main.m */ = {isa = PBXFileReference; lastKnownFileType = sourcecode.c.objc; path = main.m; sourceTree = "<group>"; };
		2E173431192270ED00E90138 /* IntergalacticTravel-Prefix.pch */ = {isa = PBXFileReference; lastKnownFileType = sourcecode.c.h; path = "IntergalacticTravel-Prefix.pch"; sourceTree = "<group>"; };
		2E173432192270ED00E90138 /* AppDelegate.h */ = {isa = PBXFileReference; lastKnownFileType = sourcecode.c.h; path = AppDelegate.h; sourceTree = "<group>"; };
		2E173433192270ED00E90138 /* AppDelegate.m */ = {isa = PBXFileReference; lastKnownFileType = sourcecode.c.objc; path = AppDelegate.m; sourceTree = "<group>"; };
		2E173436192270ED00E90138 /* Base */ = {isa = PBXFileReference; lastKnownFileType = file.storyboard; name = Base; path = Base.lproj/Main.storyboard; sourceTree = "<group>"; };
		2E173438192270ED00E90138 /* ViewController.h */ = {isa = PBXFileReference; lastKnownFileType = sourcecode.c.h; path = ViewController.h; sourceTree = "<group>"; };
		2E173439192270ED00E90138 /* ViewController.m */ = {isa = PBXFileReference; lastKnownFileType = sourcecode.c.objc; path = ViewController.m; sourceTree = "<group>"; };
		2E17343B192270ED00E90138 /* Images.xcassets */ = {isa = PBXFileReference; lastKnownFileType = folder.assetcatalog; path = Images.xcassets; sourceTree = "<group>"; };
		2E173441192270ED00E90138 /* IntergalacticTravelTests.xctest */ = {isa = PBXFileReference; explicitFileType = wrapper.cfbundle; includeInIndex = 0; path = IntergalacticTravelTests.xctest; sourceTree = BUILT_PRODUCTS_DIR; };
		2E173442192270ED00E90138 /* XCTest.framework */ = {isa = PBXFileReference; lastKnownFileType = wrapper.framework; name = XCTest.framework; path = Library/Frameworks/XCTest.framework; sourceTree = DEVELOPER_DIR; };
		2E17344A192270ED00E90138 /* IntergalacticTravelTests-Info.plist */ = {isa = PBXFileReference; lastKnownFileType = text.plist.xml; path = "IntergalacticTravelTests-Info.plist"; sourceTree = "<group>"; };
		2E17344C192270ED00E90138 /* en */ = {isa = PBXFileReference; lastKnownFileType = text.plist.strings; name = en; path = en.lproj/InfoPlist.strings; sourceTree = "<group>"; };
		2E17344E192270ED00E90138 /* IntergalacticTravelTests.m */ = {isa = PBXFileReference; lastKnownFileType = sourcecode.c.objc; path = IntergalacticTravelTests.m; sourceTree = "<group>"; };
/* End PBXFileReference section */

/* Begin PBXFrameworksBuildPhase section */
		2E17341D192270ED00E90138 /* Frameworks */ = {
			isa = PBXFrameworksBuildPhase;
			buildActionMask = 2147483647;
			files = (
				2E173426192270ED00E90138 /* CoreGraphics.framework in Frameworks */,
				2E173428192270ED00E90138 /* UIKit.framework in Frameworks */,
				2E173424192270ED00E90138 /* Foundation.framework in Frameworks */,
			);
			runOnlyForDeploymentPostprocessing = 0;
		};
		2E17343E192270ED00E90138 /* Frameworks */ = {
			isa = PBXFrameworksBuildPhase;
			buildActionMask = 2147483647;
			files = (
				2E173443192270ED00E90138 /* XCTest.framework in Frameworks */,
				2E173445192270ED00E90138 /* UIKit.framework in Frameworks */,
				2E173444192270ED00E90138 /* Foundation.framework in Frameworks */,
			);
			runOnlyForDeploymentPostprocessing = 0;
		};
/* End PBXFrameworksBuildPhase section */

/* Begin PBXGroup section */
		2E173417192270ED00E90138 = {
			isa = PBXGroup;
			children = (
				2E173429192270ED00E90138 /* IntergalacticTravel */,
				2E173448192270ED00E90138 /* IntergalacticTravelTests */,
				2E173422192270ED00E90138 /* Frameworks */,
				2E173421192270ED00E90138 /* Products */,
			);
			sourceTree = "<group>";
		};
		2E173421192270ED00E90138 /* Products */ = {
			isa = PBXGroup;
			children = (
				2E173420192270ED00E90138 /* IntergalacticTravel.app */,
				2E173441192270ED00E90138 /* IntergalacticTravelTests.xctest */,
			);
			name = Products;
			sourceTree = "<group>";
		};
		2E173422192270ED00E90138 /* Frameworks */ = {
			isa = PBXGroup;
			children = (
				2E173423192270ED00E90138 /* Foundation.framework */,
				2E173425192270ED00E90138 /* CoreGraphics.framework */,
				2E173427192270ED00E90138 /* UIKit.framework */,
				2E173442192270ED00E90138 /* XCTest.framework */,
			);
			name = Frameworks;
			sourceTree = "<group>";
		};
		2E173429192270ED00E90138 /* IntergalacticTravel */ = {
			isa = PBXGroup;
			children = (
				2E173432192270ED00E90138 /* AppDelegate.h */,
				2E173433192270ED00E90138 /* AppDelegate.m */,
				2E173435192270ED00E90138 /* Main.storyboard */,
				2E173438192270ED00E90138 /* ViewController.h */,
				2E173439192270ED00E90138 /* ViewController.m */,
				2E17343B192270ED00E90138 /* Images.xcassets */,
				2E17342A192270ED00E90138 /* Supporting Files */,
			);
			path = IntergalacticTravel;
			sourceTree = "<group>";
		};
		2E17342A192270ED00E90138 /* Supporting Files */ = {
			isa = PBXGroup;
			children = (
				2E17342B192270ED00E90138 /* IntergalacticTravel-Info.plist */,
				2E17342C192270ED00E90138 /* InfoPlist.strings */,
				2E17342F192270ED00E90138 /* main.m */,
				2E173431192270ED00E90138 /* IntergalacticTravel-Prefix.pch */,
			);
			name = "Supporting Files";
			sourceTree = "<group>";
		};
		2E173448192270ED00E90138 /* IntergalacticTravelTests */ = {
			isa = PBXGroup;
			children = (
				2E17344E192270ED00E90138 /* IntergalacticTravelTests.m */,
				2E173449192270ED00E90138 /* Supporting Files */,
			);
			path = IntergalacticTravelTests;
			sourceTree = "<group>";
		};
		2E173449192270ED00E90138 /* Supporting Files */ = {
			isa = PBXGroup;
			children = (
				2E17344A192270ED00E90138 /* IntergalacticTravelTests-Info.plist */,
				2E17344B192270ED00E90138 /* InfoPlist.strings */,
			);
			name = "Supporting Files";
			sourceTree = "<group>";
		};
/* End PBXGroup section */

/* Begin PBXNativeTarget section */
		2E17341F192270ED00E90138 /* IntergalacticTravel */ = {
			isa = PBXNativeTarget;
			buildConfigurationList = 2E173452192270ED00E90138 /* Build configuration list for PBXNativeTarget "IntergalacticTravel" */;
			buildPhases = (
				2E17341C192270ED00E90138 /* Sources */,
				2E17341D192270ED00E90138 /* Frameworks */,
				2E17341E192270ED00E90138 /* Resources */,
			);
			buildRules = (
			);
			dependencies = (
			);
			name = IntergalacticTravel;
			productName = IntergalacticTravel;
			productReference = 2E173420192270ED00E90138 /* IntergalacticTravel.app */;
			productType = "com.apple.product-type.application";
		};
		2E173440192270ED00E90138 /* IntergalacticTravelTests */ = {
			isa = PBXNativeTarget;
			buildConfigurationList = 2E173455192270ED00E90138 /* Build configuration list for PBXNativeTarget "IntergalacticTravelTests" */;
			buildPhases = (
				2E17343D192270ED00E90138 /* Sources */,
				2E17343E192270ED00E90138 /* Frameworks */,
				2E17343F192270ED00E90138 /* Resources */,
			);
			buildRules = (
			);
			dependencies = (
				2E173447192270ED00E90138 /* PBXTargetDependency */,
			);
			name = IntergalacticTravelTests;
			productName = IntergalacticTravelTests;
			productReference = 2E173441192270ED00E90138 /* IntergalacticTravelTests.xctest */;
			productType = "com.apple.product-type.bundle.unit-test";
		};
/* End PBXNativeTarget section */

/* Begin PBXProject section */
		2E173418192270ED00E90138 /* Project object */ = {
			isa = PBXProject;
			attributes = {
				LastUpgradeCheck = 0510;
				ORGANIZATIONNAME = "Mobile Makers";
				TargetAttributes = {
					2E173440192270ED00E90138 = {
						TestTargetID = 2E17341F192270ED00E90138;
					};
				};
			};
			buildConfigurationList = 2E17341B192270ED00E90138 /* Build configuration list for PBXProject "IntergalacticTravel" */;
			compatibilityVersion = "Xcode 3.2";
			developmentRegion = English;
			hasScannedForEncodings = 0;
			knownRegions = (
				en,
				Base,
			);
			mainGroup = 2E173417192270ED00E90138;
			productRefGroup = 2E173421192270ED00E90138 /* Products */;
			projectDirPath = "";
			projectRoot = "";
			targets = (
				2E17341F192270ED00E90138 /* IntergalacticTravel */,
				2E173440192270ED00E90138 /* IntergalacticTravelTests */,
			);
		};
/* End PBXProject section */

/* Begin PBXResourcesBuildPhase section */
		2E17341E192270ED00E90138 /* Resources */ = {
			isa = PBXResourcesBuildPhase;
			buildActionMask = 2147483647;
			files = (
				2E17343C192270ED00E90138 /* Images.xcassets in Resources */,
				2E17342E192270ED00E90138 /* InfoPlist.strings in Resources */,
				2E173437192270ED00E90138 /* Main.storyboard in Resources */,
			);
			runOnlyForDeploymentPostprocessing = 0;
		};
		2E17343F192270ED00E90138 /* Resources */ = {
			isa = PBXResourcesBuildPhase;
			buildActionMask = 2147483647;
			files = (
				2E17344D192270ED00E90138 /* InfoPlist.strings in Resources */,
			);
			runOnlyForDeploymentPostprocessing = 0;
		};
/* End PBXResourcesBuildPhase section */

/* Begin PBXSourcesBuildPhase section */
		2E17341C192270ED00E90138 /* Sources */ = {
			isa = PBXSourcesBuildPhase;
			buildActionMask = 2147483647;
			files = (
				2E17343A192270ED00E90138 /* ViewController.m in Sources */,
				2E173434192270ED00E90138 /* AppDelegate.m in Sources */,
				2E173430192270ED00E90138 /* main.m in Sources */,
			);
			runOnlyForDeploymentPostprocessing = 0;
		};
		2E17343D192270ED00E90138 /* Sources */ = {
			isa = PBXSourcesBuildPhase;
			buildActionMask = 2147483647;
			files = (
				2E17344F192270ED00E90138 /* IntergalacticTravelTests.m in Sources */,
			);
			runOnlyForDeploymentPostprocessing = 0;
		};
/* End PBXSourcesBuildPhase section */

/* Begin PBXTargetDependency section */
		2E173447192270ED00E90138 /* PBXTargetDependency */ = {
			isa = PBXTargetDependency;
			target = 2E17341F192270ED00E90138 /* IntergalacticTravel */;
			targetProxy = 2E173446192270ED00E90138 /* PBXContainerItemProxy */;
		};
/* End PBXTargetDependency section */

/* Begin PBXVariantGroup section */
		2E17342C192270ED00E90138 /* InfoPlist.strings */ = {
			isa = PBXVariantGroup;
			children = (
				2E17342D192270ED00E90138 /* en */,
			);
			name = InfoPlist.strings;
			sourceTree = "<group>";
		};
		2E173435192270ED00E90138 /* Main.storyboard */ = {
			isa = PBXVariantGroup;
			children = (
				2E173436192270ED00E90138 /* Base */,
			);
			name = Main.storyboard;
			sourceTree = "<group>";
		};
		2E17344B192270ED00E90138 /* InfoPlist.strings */ = {
			isa = PBXVariantGroup;
			children = (
				2E17344C192270ED00E90138 /* en */,
			);
			name = InfoPlist.strings;
			sourceTree = "<group>";
		};
/* End PBXVariantGroup section */

/* Begin XCBuildConfiguration section */
		2E173450192270ED00E90138 /* Debug */ = {
			isa = XCBuildConfiguration;
			buildSettings = {
				ALWAYS_SEARCH_USER_PATHS = NO;
				CLANG_CXX_LANGUAGE_STANDARD = "gnu++0x";
				CLANG_CXX_LIBRARY = "libc++";
				CLANG_ENABLE_MODULES = YES;
				CLANG_ENABLE_OBJC_ARC = YES;
				CLANG_WARN_BOOL_CONVERSION = YES;
				CLANG_WARN_CONSTANT_CONVERSION = YES;
				CLANG_WARN_DIRECT_OBJC_ISA_USAGE = YES_ERROR;
				CLANG_WARN_EMPTY_BODY = YES;
				CLANG_WARN_ENUM_CONVERSION = YES;
				CLANG_WARN_INT_CONVERSION = YES;
				CLANG_WARN_OBJC_ROOT_CLASS = YES_ERROR;
				CLANG_WARN__DUPLICATE_METHOD_MATCH = YES;
				"CODE_SIGN_IDENTITY[sdk=iphoneos*]" = "iPhone Developer";
				COPY_PHASE_STRIP = NO;
				GCC_C_LANGUAGE_STANDARD = gnu99;
				GCC_DYNAMIC_NO_PIC = NO;
				GCC_OPTIMIZATION_LEVEL = 0;
				GCC_PREPROCESSOR_DEFINITIONS = (
					"DEBUG=1",
					"$(inherited)",
				);
				GCC_SYMBOLS_PRIVATE_EXTERN = NO;
				GCC_WARN_64_TO_32_BIT_CONVERSION = YES;
				GCC_WARN_ABOUT_RETURN_TYPE = YES_ERROR;
				GCC_WARN_UNDECLARED_SELECTOR = YES;
				GCC_WARN_UNINITIALIZED_AUTOS = YES_AGGRESSIVE;
				GCC_WARN_UNUSED_FUNCTION = YES;
				GCC_WARN_UNUSED_VARIABLE = YES;
				IPHONEOS_DEPLOYMENT_TARGET = 7.1;
				ONLY_ACTIVE_ARCH = YES;
				SDKROOT = iphoneos;
			};
			name = Debug;
		};
		2E173451192270ED00E90138 /* Release */ = {
			isa = XCBuildConfiguration;
			buildSettings = {
				ALWAYS_SEARCH_USER_PATHS = NO;
				CLANG_CXX_LANGUAGE_STANDARD = "gnu++0x";
				CLANG_CXX_LIBRARY = "libc++";
				CLANG_ENABLE_MODULES = YES;
				CLANG_ENABLE_OBJC_ARC = YES;
				CLANG_WARN_BOOL_CONVERSION = YES;
				CLANG_WARN_CONSTANT_CONVERSION = YES;
				CLANG_WARN_DIRECT_OBJC_ISA_USAGE = YES_ERROR;
				CLANG_WARN_EMPTY_BODY = YES;
				CLANG_WARN_ENUM_CONVERSION = YES;
				CLANG_WARN_INT_CONVERSION = YES;
				CLANG_WARN_OBJC_ROOT_CLASS = YES_ERROR;
				CLANG_WARN__DUPLICATE_METHOD_MATCH = YES;
				"CODE_SIGN_IDENTITY[sdk=iphoneos*]" = "iPhone Developer";
				COPY_PHASE_STRIP = YES;
				ENABLE_NS_ASSERTIONS = NO;
				GCC_C_LANGUAGE_STANDARD = gnu99;
				GCC_WARN_64_TO_32_BIT_CONVERSION = YES;
				GCC_WARN_ABOUT_RETURN_TYPE = YES_ERROR;
				GCC_WARN_UNDECLARED_SELECTOR = YES;
				GCC_WARN_UNINITIALIZED_AUTOS = YES_AGGRESSIVE;
				GCC_WARN_UNUSED_FUNCTION = YES;
				GCC_WARN_UNUSED_VARIABLE = YES;
				IPHONEOS_DEPLOYMENT_TARGET = 7.1;
				SDKROOT = iphoneos;
				VALIDATE_PRODUCT = YES;
			};
			name = Release;
		};
		2E173453192270ED00E90138 /* Debug */ = {
			isa = XCBuildConfiguration;
			buildSettings = {
				ASSETCATALOG_COMPILER_APPICON_NAME = AppIcon;
				ASSETCATALOG_COMPILER_LAUNCHIMAGE_NAME = LaunchImage;
				GCC_PRECOMPILE_PREFIX_HEADER = YES;
				GCC_PREFIX_HEADER = "IntergalacticTravel/IntergalacticTravel-Prefix.pch";
				INFOPLIST_FILE = "IntergalacticTravel/IntergalacticTravel-Info.plist";
				PRODUCT_NAME = "$(TARGET_NAME)";
				WRAPPER_EXTENSION = app;
			};
			name = Debug;
		};
		2E173454192270ED00E90138 /* Release */ = {
			isa = XCBuildConfiguration;
			buildSettings = {
				ASSETCATALOG_COMPILER_APPICON_NAME = AppIcon;
				ASSETCATALOG_COMPILER_LAUNCHIMAGE_NAME = LaunchImage;
				GCC_PRECOMPILE_PREFIX_HEADER = YES;
				GCC_PREFIX_HEADER = "IntergalacticTravel/IntergalacticTravel-Prefix.pch";
				INFOPLIST_FILE = "IntergalacticTravel/IntergalacticTravel-Info.plist";
				PRODUCT_NAME = "$(TARGET_NAME)";
				WRAPPER_EXTENSION = app;
			};
			name = Release;
		};
		2E173456192270ED00E90138 /* Debug */ = {
			isa = XCBuildConfiguration;
			buildSettings = {
				BUNDLE_LOADER = "$(BUILT_PRODUCTS_DIR)/IntergalacticTravel.app/IntergalacticTravel";
				FRAMEWORK_SEARCH_PATHS = (
					"$(SDKROOT)/Developer/Library/Frameworks",
					"$(inherited)",
					"$(DEVELOPER_FRAMEWORKS_DIR)",
				);
				GCC_PRECOMPILE_PREFIX_HEADER = YES;
				GCC_PREFIX_HEADER = "IntergalacticTravel/IntergalacticTravel-Prefix.pch";
				GCC_PREPROCESSOR_DEFINITIONS = (
					"DEBUG=1",
					"$(inherited)",
				);
				INFOPLIST_FILE = "IntergalacticTravelTests/IntergalacticTravelTests-Info.plist";
				PRODUCT_NAME = "$(TARGET_NAME)";
				TEST_HOST = "$(BUNDLE_LOADER)";
				WRAPPER_EXTENSION = xctest;
			};
			name = Debug;
		};
		2E173457192270ED00E90138 /* Release */ = {
			isa = XCBuildConfiguration;
			buildSettings = {
				BUNDLE_LOADER = "$(BUILT_PRODUCTS_DIR)/IntergalacticTravel.app/IntergalacticTravel";
				FRAMEWORK_SEARCH_PATHS = (
					"$(SDKROOT)/Developer/Library/Frameworks",
					"$(inherited)",
					"$(DEVELOPER_FRAMEWORKS_DIR)",
				);
				GCC_PRECOMPILE_PREFIX_HEADER = YES;
				GCC_PREFIX_HEADER = "IntergalacticTravel/IntergalacticTravel-Prefix.pch";
				INFOPLIST_FILE = "IntergalacticTravelTests/IntergalacticTravelTests-Info.plist";
				PRODUCT_NAME = "$(TARGET_NAME)";
				TEST_HOST = "$(BUNDLE_LOADER)";
				WRAPPER_EXTENSION = xctest;
			};
			name = Release;
		};
/* End XCBuildConfiguration section */

/* Begin XCConfigurationList section */
		2E17341B192270ED00E90138 /* Build configuration list for PBXProject "IntergalacticTravel" */ = {
			isa = XCConfigurationList;
			buildConfigurations = (
				2E173450192270ED00E90138 /* Debug */,
				2E173451192270ED00E90138 /* Release */,
			);
			defaultConfigurationIsVisible = 0;
			defaultConfigurationName = Release;
		};
		2E173452192270ED00E90138 /* Build configuration list for PBXNativeTarget "IntergalacticTravel" */ = {
			isa = XCConfigurationList;
			buildConfigurations = (
				2E173453192270ED00E90138 /* Debug */,
				2E173454192270ED00E90138 /* Release */,
			);
			defaultConfigurationIsVisible = 0;
		};
		2E173455192270ED00E90138 /* Build configuration list for PBXNativeTarget "IntergalacticTravelTests" */ = {
			isa = XCConfigurationList;
			buildConfigurations = (
				2E173456192270ED00E90138 /* Debug */,
				2E173457192270ED00E90138 /* Release */,
			);
			defaultConfigurationIsVisible = 0;
		};
/* End XCConfigurationList section */
	};
	rootObject = 2E173418192270ED00E90138 /* Project object */;
}
